Microsoft Visual Studio Solution File, Format Version 7.00
Project("{8BC9CEB8-8B4A-11D0-8D11-00A0C91BC942}") = "Demo03-02", "Demo03-02.vcproj", "{E1AD3542-FF45-44E9-8439-09AA46259E34}"
EndProject
Global
	GlobalSection(SolutionConfiguration) = preSolution
		ConfigName.0 = Debug
		ConfigName.1 = Release
	EndGlobalSection
	GlobalSection(ProjectDependencies) = postSolution
	EndGlobalSection
	GlobalSection(ProjectConfiguration) = postSolution
		{E1AD3542-FF45-44E9-8439-09AA46259E34}.Debug.ActiveCfg = Release|Win32
		{E1AD3542-FF45-44E9-8439-09AA46259E34}.Debug.Build.0 = Release|Win32
		{E1AD3542-FF45-44E9-8439-09AA46259E34}.Release.ActiveCfg = Release|Win32
		{E1AD3542-FF45-44E9-8439-09AA46259E34}.Release.Build.0 = Release|Win32
	EndGlobalSection
	GlobalSection(ExtensibilityGlobals) = postSolution
	EndGlobalSection
	GlobalSection(ExtensibilityAddIns) = postSolution
	EndGlobalSection
EndGlobal
