Microsoft Visual Studio Solution File, Format Version 7.00
Project("{8BC9CEB8-8B4A-11D0-8D11-00A0C91BC942}") = "Demo03-03", "Demo03-03.vcproj", "{A17BBFBC-392D-450A-AE31-CA967B492415}"
EndProject
Global
	GlobalSection(SolutionConfiguration) = preSolution
		ConfigName.0 = Debug
		ConfigName.1 = Release
	EndGlobalSection
	GlobalSection(ProjectDependencies) = postSolution
	EndGlobalSection
	GlobalSection(ProjectConfiguration) = postSolution
		{A17BBFBC-392D-450A-AE31-CA967B492415}.Debug.ActiveCfg = Release|Win32
		{A17BBFBC-392D-450A-AE31-CA967B492415}.Debug.Build.0 = Release|Win32
		{A17BBFBC-392D-450A-AE31-CA967B492415}.Release.ActiveCfg = Release|Win32
		{A17BBFBC-392D-450A-AE31-CA967B492415}.Release.Build.0 = Release|Win32
	EndGlobalSection
	GlobalSection(ExtensibilityGlobals) = postSolution
	EndGlobalSection
	GlobalSection(ExtensibilityAddIns) = postSolution
	EndGlobalSection
EndGlobal
