Microsoft Visual Studio Solution File, Format Version 7.00
Project("{8BC9CEB8-8B4A-11D0-8D11-00A0C91BC942}") = "Demo06-01", "Demo06-01.vcproj", "{8FF3D662-305D-4FF8-8E85-0EFCDF106301}"
EndProject
Global
	GlobalSection(SolutionConfiguration) = preSolution
		ConfigName.0 = Debug
		ConfigName.1 = Release
	EndGlobalSection
	GlobalSection(ProjectDependencies) = postSolution
	EndGlobalSection
	GlobalSection(ProjectConfiguration) = postSolution
		{8FF3D662-305D-4FF8-8E85-0EFCDF106301}.Debug.ActiveCfg = Release|Win32
		{8FF3D662-305D-4FF8-8E85-0EFCDF106301}.Debug.Build.0 = Release|Win32
		{8FF3D662-305D-4FF8-8E85-0EFCDF106301}.Release.ActiveCfg = Release|Win32
		{8FF3D662-305D-4FF8-8E85-0EFCDF106301}.Release.Build.0 = Release|Win32
	EndGlobalSection
	GlobalSection(ExtensibilityGlobals) = postSolution
	EndGlobalSection
	GlobalSection(ExtensibilityAddIns) = postSolution
	EndGlobalSection
EndGlobal
