Microsoft Visual Studio Solution File, Format Version 7.00
Project("{8BC9CEB8-8B4A-11D0-8D11-00A0C91BC942}") = "Demo17-02", "Demo17-02.vcproj", "{BD552404-7925-480B-97BF-0DFFFB2224AA}"
EndProject
Global
	GlobalSection(SolutionConfiguration) = preSolution
		ConfigName.0 = Debug
		ConfigName.1 = Release
	EndGlobalSection
	GlobalSection(ProjectDependencies) = postSolution
	EndGlobalSection
	GlobalSection(ProjectConfiguration) = postSolution
		{BD552404-7925-480B-97BF-0DFFFB2224AA}.Debug.ActiveCfg = Debug|Win32
		{BD552404-7925-480B-97BF-0DFFFB2224AA}.Debug.Build.0 = Debug|Win32
		{BD552404-7925-480B-97BF-0DFFFB2224AA}.Release.ActiveCfg = Release|Win32
		{BD552404-7925-480B-97BF-0DFFFB2224AA}.Release.Build.0 = Release|Win32
	EndGlobalSection
	GlobalSection(ExtensibilityGlobals) = postSolution
	EndGlobalSection
	GlobalSection(ExtensibilityAddIns) = postSolution
	EndGlobalSection
EndGlobal
