Microsoft Visual Studio Solution File, Format Version 7.00
Project("{8BC9CEB8-8B4A-11D0-8D11-00A0C91BC942}") = "Demo02-02", "Demo02-02.vcproj", "{031E5556-CC0C-4AEE-ADFD-78805E57D268}"
EndProject
Global
	GlobalSection(SolutionConfiguration) = preSolution
		ConfigName.0 = Debug
		ConfigName.1 = Release
	EndGlobalSection
	GlobalSection(ProjectDependencies) = postSolution
	EndGlobalSection
	GlobalSection(ProjectConfiguration) = postSolution
		{031E5556-CC0C-4AEE-ADFD-78805E57D268}.Debug.ActiveCfg = Release|Win32
		{031E5556-CC0C-4AEE-ADFD-78805E57D268}.Debug.Build.0 = Release|Win32
		{031E5556-CC0C-4AEE-ADFD-78805E57D268}.Release.ActiveCfg = Release|Win32
		{031E5556-CC0C-4AEE-ADFD-78805E57D268}.Release.Build.0 = Release|Win32
	EndGlobalSection
	GlobalSection(ExtensibilityGlobals) = postSolution
	EndGlobalSection
	GlobalSection(ExtensibilityAddIns) = postSolution
	EndGlobalSection
EndGlobal
